
Microsoft Visual Studio Solution File, Format Version 12.00
# Visual Studio Version 17
VisualStudioVersion = 17.11.35222.181
MinimumVisualStudioVersion = 10.0.40219.1
Project("{FAE04EC0-301F-11D3-BF4B-00C04F79EFBC}") = "TaskManagementSystem", "TaskManagementSystem\TaskManagementSystem.csproj", "{031E4EF0-128B-4B63-A5B4-A010F9F81DF0}"
EndProject
Global
	GlobalSection(SolutionConfigurationPlatforms) = preSolution
		Debug|Any CPU = Debug|Any CPU
		Release|Any CPU = Release|Any CPU
	EndGlobalSection
	GlobalSection(ProjectConfigurationPlatforms) = postSolution
		{031E4EF0-128B-4B63-A5B4-A010F9F81DF0}.Debug|Any CPU.ActiveCfg = Debug|Any CPU
		{031E4EF0-128B-4B63-A5B4-A010F9F81DF0}.Debug|Any CPU.Build.0 = Debug|Any CPU
		{031E4EF0-128B-4B63-A5B4-A010F9F81DF0}.Release|Any CPU.ActiveCfg = Release|Any CPU
		{031E4EF0-128B-4B63-A5B4-A010F9F81DF0}.Release|Any CPU.Build.0 = Release|Any CPU
	EndGlobalSection
	GlobalSection(SolutionProperties) = preSolution
		HideSolutionNode = FALSE
	EndGlobalSection
	GlobalSection(ExtensibilityGlobals) = postSolution
		SolutionGuid = {A09F1F8A-3F24-4F01-A464-68D8AF507DEE}
	EndGlobalSection
EndGlobal
